
Microsoft Visual Studio Solution File, Format Version 12.00
# Visual Studio 14
VisualStudioVersion = 14.0.23107.0
MinimumVisualStudioVersion = 10.0.40219.1
Project("{2150E333-8FDC-42A3-9474-1A3956D46DE8}") = "Synchronization", "Synchronization", "{568B7385-0028-4532-A0B8-CAACF4C582E1}"
EndProject
Project("{FAE04EC0-301F-11D3-BF4B-00C04F79EFBC}") = "ProducerConsumerSimpleExample", "ProducerConsumerSimpleExample\ProducerConsumerSimpleExample.csproj", "{15B2EA46-0768-446D-B6AC-3A722249772E}"
EndProject
Project("{FAE04EC0-301F-11D3-BF4B-00C04F79EFBC}") = "ProducerConsumerComplexExample", "ProducerConsumerComplexExample\ProducerConsumerComplexExample.csproj", "{59F3EFC3-2D35-40CB-A1BF-485DA2DE69FF}"
EndProject
Project("{FAE04EC0-301F-11D3-BF4B-00C04F79EFBC}") = "BarrierExample", "BarrierExample\BarrierExample.csproj", "{FD4443BF-C244-4A70-ABFB-ADD4ABE9C40F}"
EndProject
Global
	GlobalSection(SolutionConfigurationPlatforms) = preSolution
		Debug|Any CPU = Debug|Any CPU
		Release|Any CPU = Release|Any CPU
	EndGlobalSection
	GlobalSection(ProjectConfigurationPlatforms) = postSolution
		{15B2EA46-0768-446D-B6AC-3A722249772E}.Debug|Any CPU.ActiveCfg = Debug|Any CPU
		{15B2EA46-0768-446D-B6AC-3A722249772E}.Debug|Any CPU.Build.0 = Debug|Any CPU
		{15B2EA46-0768-446D-B6AC-3A722249772E}.Release|Any CPU.ActiveCfg = Release|Any CPU
		{15B2EA46-0768-446D-B6AC-3A722249772E}.Release|Any CPU.Build.0 = Release|Any CPU
		{59F3EFC3-2D35-40CB-A1BF-485DA2DE69FF}.Debug|Any CPU.ActiveCfg = Debug|Any CPU
		{59F3EFC3-2D35-40CB-A1BF-485DA2DE69FF}.Debug|Any CPU.Build.0 = Debug|Any CPU
		{59F3EFC3-2D35-40CB-A1BF-485DA2DE69FF}.Release|Any CPU.ActiveCfg = Release|Any CPU
		{59F3EFC3-2D35-40CB-A1BF-485DA2DE69FF}.Release|Any CPU.Build.0 = Release|Any CPU
		{FD4443BF-C244-4A70-ABFB-ADD4ABE9C40F}.Debug|Any CPU.ActiveCfg = Debug|Any CPU
		{FD4443BF-C244-4A70-ABFB-ADD4ABE9C40F}.Debug|Any CPU.Build.0 = Debug|Any CPU
		{FD4443BF-C244-4A70-ABFB-ADD4ABE9C40F}.Release|Any CPU.ActiveCfg = Release|Any CPU
		{FD4443BF-C244-4A70-ABFB-ADD4ABE9C40F}.Release|Any CPU.Build.0 = Release|Any CPU
	EndGlobalSection
	GlobalSection(SolutionProperties) = preSolution
		HideSolutionNode = FALSE
	EndGlobalSection
	GlobalSection(NestedProjects) = preSolution
		{15B2EA46-0768-446D-B6AC-3A722249772E} = {568B7385-0028-4532-A0B8-CAACF4C582E1}
		{59F3EFC3-2D35-40CB-A1BF-485DA2DE69FF} = {568B7385-0028-4532-A0B8-CAACF4C582E1}
		{FD4443BF-C244-4A70-ABFB-ADD4ABE9C40F} = {568B7385-0028-4532-A0B8-CAACF4C582E1}
	EndGlobalSection
EndGlobal
